
Microsoft Visual Studio Solution File, Format Version 12.00
# Visual Studio Version 17
Project("{8BC9CEB8-8B4A-11D0-8D11-00A0C91BC942}") = "ALL_BUILD", "ALL_BUILD.vcxproj", "{702017E0-D4FD-3913-971F-B79543F97A78}"
	ProjectSection(ProjectDependencies) = postProject
		{E2A73540-D470-399B-85A1-BB51D086A4F1} = {E2A73540-D470-399B-85A1-BB51D086A4F1}
		{71F905D4-2C9C-3EA9-B7E7-2511EB13A5CF} = {71F905D4-2C9C-3EA9-B7E7-2511EB13A5CF}
		{AF120CFA-F83B-31A4-A932-729A1B74F239} = {AF120CFA-F83B-31A4-A932-729A1B74F239}
		{2B1C08E4-48D3-3E7F-ADB9-E259F6910D4F} = {2B1C08E4-48D3-3E7F-ADB9-E259F6910D4F}
		{B1DB6E39-1C4D-32FD-A523-642B2FA11077} = {B1DB6E39-1C4D-32FD-A523-642B2FA11077}
		{0A029F43-2E6E-3D33-AC86-1A9C35C3388C} = {0A029F43-2E6E-3D33-AC86-1A9C35C3388C}
	EndProjectSection
EndProject
Project("{8BC9CEB8-8B4A-11D0-8D11-00A0C91BC942}") = "INSTALL", "INSTALL.vcxproj", "{E0864779-595C-33E8-B23B-236BF3CE3E00}"
	ProjectSection(ProjectDependencies) = postProject
		{702017E0-D4FD-3913-971F-B79543F97A78} = {702017E0-D4FD-3913-971F-B79543F97A78}
		{E2A73540-D470-399B-85A1-BB51D086A4F1} = {E2A73540-D470-399B-85A1-BB51D086A4F1}
	EndProjectSection
EndProject
Project("{8BC9CEB8-8B4A-11D0-8D11-00A0C91BC942}") = "ZERO_CHECK", "ZERO_CHECK.vcxproj", "{E2A73540-D470-399B-85A1-BB51D086A4F1}"
	ProjectSection(ProjectDependencies) = postProject
	EndProjectSection
EndProject
Project("{8BC9CEB8-8B4A-11D0-8D11-00A0C91BC942}") = "flutter_assemble", "flutter\flutter_assemble.vcxproj", "{DA126C82-5906-3243-A299-F0701A7A4EBC}"
	ProjectSection(ProjectDependencies) = postProject
		{E2A73540-D470-399B-85A1-BB51D086A4F1} = {E2A73540-D470-399B-85A1-BB51D086A4F1}
	EndProjectSection
EndProject
Project("{8BC9CEB8-8B4A-11D0-8D11-00A0C91BC942}") = "flutter_wrapper_app", "flutter\flutter_wrapper_app.vcxproj", "{71F905D4-2C9C-3EA9-B7E7-2511EB13A5CF}"
	ProjectSection(ProjectDependencies) = postProject
		{E2A73540-D470-399B-85A1-BB51D086A4F1} = {E2A73540-D470-399B-85A1-BB51D086A4F1}
		{DA126C82-5906-3243-A299-F0701A7A4EBC} = {DA126C82-5906-3243-A299-F0701A7A4EBC}
	EndProjectSection
EndProject
Project("{8BC9CEB8-8B4A-11D0-8D11-00A0C91BC942}") = "flutter_wrapper_plugin", "flutter\flutter_wrapper_plugin.vcxproj", "{AF120CFA-F83B-31A4-A932-729A1B74F239}"
	ProjectSection(ProjectDependencies) = postProject
		{E2A73540-D470-399B-85A1-BB51D086A4F1} = {E2A73540-D470-399B-85A1-BB51D086A4F1}
		{DA126C82-5906-3243-A299-F0701A7A4EBC} = {DA126C82-5906-3243-A299-F0701A7A4EBC}
	EndProjectSection
EndProject
Project("{8BC9CEB8-8B4A-11D0-8D11-00A0C91BC942}") = "moriapp", "runner\moriapp.vcxproj", "{2B1C08E4-48D3-3E7F-ADB9-E259F6910D4F}"
	ProjectSection(ProjectDependencies) = postProject
		{E2A73540-D470-399B-85A1-BB51D086A4F1} = {E2A73540-D470-399B-85A1-BB51D086A4F1}
		{DA126C82-5906-3243-A299-F0701A7A4EBC} = {DA126C82-5906-3243-A299-F0701A7A4EBC}
		{71F905D4-2C9C-3EA9-B7E7-2511EB13A5CF} = {71F905D4-2C9C-3EA9-B7E7-2511EB13A5CF}
		{B1DB6E39-1C4D-32FD-A523-642B2FA11077} = {B1DB6E39-1C4D-32FD-A523-642B2FA11077}
		{0A029F43-2E6E-3D33-AC86-1A9C35C3388C} = {0A029F43-2E6E-3D33-AC86-1A9C35C3388C}
	EndProjectSection
EndProject
Project("{8BC9CEB8-8B4A-11D0-8D11-00A0C91BC942}") = "screen_retriever_plugin", "plugins\screen_retriever\screen_retriever_plugin.vcxproj", "{B1DB6E39-1C4D-32FD-A523-642B2FA11077}"
	ProjectSection(ProjectDependencies) = postProject
		{E2A73540-D470-399B-85A1-BB51D086A4F1} = {E2A73540-D470-399B-85A1-BB51D086A4F1}
		{DA126C82-5906-3243-A299-F0701A7A4EBC} = {DA126C82-5906-3243-A299-F0701A7A4EBC}
		{AF120CFA-F83B-31A4-A932-729A1B74F239} = {AF120CFA-F83B-31A4-A932-729A1B74F239}
	EndProjectSection
EndProject
Project("{8BC9CEB8-8B4A-11D0-8D11-00A0C91BC942}") = "window_manager_plugin", "plugins\window_manager\window_manager_plugin.vcxproj", "{0A029F43-2E6E-3D33-AC86-1A9C35C3388C}"
	ProjectSection(ProjectDependencies) = postProject
		{E2A73540-D470-399B-85A1-BB51D086A4F1} = {E2A73540-D470-399B-85A1-BB51D086A4F1}
		{DA126C82-5906-3243-A299-F0701A7A4EBC} = {DA126C82-5906-3243-A299-F0701A7A4EBC}
		{AF120CFA-F83B-31A4-A932-729A1B74F239} = {AF120CFA-F83B-31A4-A932-729A1B74F239}
	EndProjectSection
EndProject
Global
	GlobalSection(SolutionConfigurationPlatforms) = preSolution
		Debug|x64 = Debug|x64
		Profile|x64 = Profile|x64
		Release|x64 = Release|x64
	EndGlobalSection
	GlobalSection(ProjectConfigurationPlatforms) = postSolution
		{702017E0-D4FD-3913-971F-B79543F97A78}.Debug|x64.ActiveCfg = Debug|x64
		{702017E0-D4FD-3913-971F-B79543F97A78}.Debug|x64.Build.0 = Debug|x64
		{702017E0-D4FD-3913-971F-B79543F97A78}.Profile|x64.ActiveCfg = Profile|x64
		{702017E0-D4FD-3913-971F-B79543F97A78}.Profile|x64.Build.0 = Profile|x64
		{702017E0-D4FD-3913-971F-B79543F97A78}.Release|x64.ActiveCfg = Release|x64
		{702017E0-D4FD-3913-971F-B79543F97A78}.Release|x64.Build.0 = Release|x64
		{E0864779-595C-33E8-B23B-236BF3CE3E00}.Debug|x64.ActiveCfg = Debug|x64
		{E0864779-595C-33E8-B23B-236BF3CE3E00}.Debug|x64.Build.0 = Debug|x64
		{E0864779-595C-33E8-B23B-236BF3CE3E00}.Profile|x64.ActiveCfg = Profile|x64
		{E0864779-595C-33E8-B23B-236BF3CE3E00}.Profile|x64.Build.0 = Profile|x64
		{E0864779-595C-33E8-B23B-236BF3CE3E00}.Release|x64.ActiveCfg = Release|x64
		{E0864779-595C-33E8-B23B-236BF3CE3E00}.Release|x64.Build.0 = Release|x64
		{E2A73540-D470-399B-85A1-BB51D086A4F1}.Debug|x64.ActiveCfg = Debug|x64
		{E2A73540-D470-399B-85A1-BB51D086A4F1}.Debug|x64.Build.0 = Debug|x64
		{E2A73540-D470-399B-85A1-BB51D086A4F1}.Profile|x64.ActiveCfg = Profile|x64
		{E2A73540-D470-399B-85A1-BB51D086A4F1}.Profile|x64.Build.0 = Profile|x64
		{E2A73540-D470-399B-85A1-BB51D086A4F1}.Release|x64.ActiveCfg = Release|x64
		{E2A73540-D470-399B-85A1-BB51D086A4F1}.Release|x64.Build.0 = Release|x64
		{DA126C82-5906-3243-A299-F0701A7A4EBC}.Debug|x64.ActiveCfg = Debug|x64
		{DA126C82-5906-3243-A299-F0701A7A4EBC}.Debug|x64.Build.0 = Debug|x64
		{DA126C82-5906-3243-A299-F0701A7A4EBC}.Profile|x64.ActiveCfg = Profile|x64
		{DA126C82-5906-3243-A299-F0701A7A4EBC}.Profile|x64.Build.0 = Profile|x64
		{DA126C82-5906-3243-A299-F0701A7A4EBC}.Release|x64.ActiveCfg = Release|x64
		{DA126C82-5906-3243-A299-F0701A7A4EBC}.Release|x64.Build.0 = Release|x64
		{71F905D4-2C9C-3EA9-B7E7-2511EB13A5CF}.Debug|x64.ActiveCfg = Debug|x64
		{71F905D4-2C9C-3EA9-B7E7-2511EB13A5CF}.Debug|x64.Build.0 = Debug|x64
		{71F905D4-2C9C-3EA9-B7E7-2511EB13A5CF}.Profile|x64.ActiveCfg = Profile|x64
		{71F905D4-2C9C-3EA9-B7E7-2511EB13A5CF}.Profile|x64.Build.0 = Profile|x64
		{71F905D4-2C9C-3EA9-B7E7-2511EB13A5CF}.Release|x64.ActiveCfg = Release|x64
		{71F905D4-2C9C-3EA9-B7E7-2511EB13A5CF}.Release|x64.Build.0 = Release|x64
		{AF120CFA-F83B-31A4-A932-729A1B74F239}.Debug|x64.ActiveCfg = Debug|x64
		{AF120CFA-F83B-31A4-A932-729A1B74F239}.Debug|x64.Build.0 = Debug|x64
		{AF120CFA-F83B-31A4-A932-729A1B74F239}.Profile|x64.ActiveCfg = Profile|x64
		{AF120CFA-F83B-31A4-A932-729A1B74F239}.Profile|x64.Build.0 = Profile|x64
		{AF120CFA-F83B-31A4-A932-729A1B74F239}.Release|x64.ActiveCfg = Release|x64
		{AF120CFA-F83B-31A4-A932-729A1B74F239}.Release|x64.Build.0 = Release|x64
		{2B1C08E4-48D3-3E7F-ADB9-E259F6910D4F}.Debug|x64.ActiveCfg = Debug|x64
		{2B1C08E4-48D3-3E7F-ADB9-E259F6910D4F}.Debug|x64.Build.0 = Debug|x64
		{2B1C08E4-48D3-3E7F-ADB9-E259F6910D4F}.Profile|x64.ActiveCfg = Profile|x64
		{2B1C08E4-48D3-3E7F-ADB9-E259F6910D4F}.Profile|x64.Build.0 = Profile|x64
		{2B1C08E4-48D3-3E7F-ADB9-E259F6910D4F}.Release|x64.ActiveCfg = Release|x64
		{2B1C08E4-48D3-3E7F-ADB9-E259F6910D4F}.Release|x64.Build.0 = Release|x64
		{B1DB6E39-1C4D-32FD-A523-642B2FA11077}.Debug|x64.ActiveCfg = Debug|x64
		{B1DB6E39-1C4D-32FD-A523-642B2FA11077}.Debug|x64.Build.0 = Debug|x64
		{B1DB6E39-1C4D-32FD-A523-642B2FA11077}.Profile|x64.ActiveCfg = Profile|x64
		{B1DB6E39-1C4D-32FD-A523-642B2FA11077}.Profile|x64.Build.0 = Profile|x64
		{B1DB6E39-1C4D-32FD-A523-642B2FA11077}.Release|x64.ActiveCfg = Release|x64
		{B1DB6E39-1C4D-32FD-A523-642B2FA11077}.Release|x64.Build.0 = Release|x64
		{0A029F43-2E6E-3D33-AC86-1A9C35C3388C}.Debug|x64.ActiveCfg = Debug|x64
		{0A029F43-2E6E-3D33-AC86-1A9C35C3388C}.Debug|x64.Build.0 = Debug|x64
		{0A029F43-2E6E-3D33-AC86-1A9C35C3388C}.Profile|x64.ActiveCfg = Profile|x64
		{0A029F43-2E6E-3D33-AC86-1A9C35C3388C}.Profile|x64.Build.0 = Profile|x64
		{0A029F43-2E6E-3D33-AC86-1A9C35C3388C}.Release|x64.ActiveCfg = Release|x64
		{0A029F43-2E6E-3D33-AC86-1A9C35C3388C}.Release|x64.Build.0 = Release|x64
	EndGlobalSection
	GlobalSection(ExtensibilityGlobals) = postSolution
		SolutionGuid = {ED4EAE04-FD95-3CEC-AE3E-C2A47990A73B}
	EndGlobalSection
	GlobalSection(ExtensibilityAddIns) = postSolution
	EndGlobalSection
EndGlobal
