<?xml version="1.0" encoding="utf-8"?>
<Project ToolsVersion="17.0" xmlns="http://schemas.microsoft.com/developer/msbuild/2003">
  <ItemGroup>
    <CustomBuild Include="D:\moriapp\build\windows\CMakeFiles\2ef939c40b2c5d3490926b11fc1d12e3\flutter_windows.dll.rule">
      <Filter>CMake Rules</Filter>
    </CustomBuild>
    <CustomBuild Include="D:\moriapp\build\windows\CMakeFiles\edbd8149b4818bf2d98646baea0314e6\flutter_assemble.rule">
      <Filter>CMake Rules</Filter>
    </CustomBuild>
    <CustomBuild Include="D:\moriapp\windows\flutter\CMakeLists.txt" />
  </ItemGroup>
  <ItemGroup>
    <None Include="D:\moriapp\build\windows\flutter\CMakeFiles\flutter_assemble" />
  </ItemGroup>
  <ItemGroup>
    <Filter Include="CMake Rules">
      <UniqueIdentifier>{4B1558F5-827C-32C4-BE74-E8B016288A6C}</UniqueIdentifier>
    </Filter>
  </ItemGroup>
</Project>
